
Microsoft Visual Studio Solution File, Format Version 12.00
# Visual Studio Version 17
VisualStudioVersion = 17.0.31903.59
MinimumVisualStudioVersion = 10.0.40219.1
Project("{FAE04EC0-301F-11D3-BF4B-00C04F79EFBC}") = "Slagsmål", "Slagsmål\Slagsmål.csproj", "{AFF5A4BC-FEAC-4567-8826-CF1059B9C837}"
EndProject
Global
	GlobalSection(SolutionConfigurationPlatforms) = preSolution
		Debug|Any CPU = Debug|Any CPU
		Release|Any CPU = Release|Any CPU
	EndGlobalSection
	GlobalSection(SolutionProperties) = preSolution
		HideSolutionNode = FALSE
	EndGlobalSection
	GlobalSection(ProjectConfigurationPlatforms) = postSolution
		{AFF5A4BC-FEAC-4567-8826-CF1059B9C837}.Debug|Any CPU.ActiveCfg = Debug|Any CPU
		{AFF5A4BC-FEAC-4567-8826-CF1059B9C837}.Debug|Any CPU.Build.0 = Debug|Any CPU
		{AFF5A4BC-FEAC-4567-8826-CF1059B9C837}.Release|Any CPU.ActiveCfg = Release|Any CPU
		{AFF5A4BC-FEAC-4567-8826-CF1059B9C837}.Release|Any CPU.Build.0 = Release|Any CPU
	EndGlobalSection
EndGlobal
